
Microsoft Visual Studio Solution File, Format Version 12.00
# Visual Studio Version 16
VisualStudioVersion = 16.0.31205.134
MinimumVisualStudioVersion = 10.0.40219.1
Project("{FAE04EC0-301F-11D3-BF4B-00C04F79EFBC}") = "DotNet_Rpg", "DotNet_Rpg.csproj", "{E2AE8E0B-3507-4A6E-A094-332B1948B831}"
EndProject
Global
	GlobalSection(SolutionConfigurationPlatforms) = preSolution
		Debug|Any CPU = Debug|Any CPU
		Release|Any CPU = Release|Any CPU
	EndGlobalSection
	GlobalSection(ProjectConfigurationPlatforms) = postSolution
		{E2AE8E0B-3507-4A6E-A094-332B1948B831}.Debug|Any CPU.ActiveCfg = Debug|Any CPU
		{E2AE8E0B-3507-4A6E-A094-332B1948B831}.Debug|Any CPU.Build.0 = Debug|Any CPU
		{E2AE8E0B-3507-4A6E-A094-332B1948B831}.Release|Any CPU.ActiveCfg = Release|Any CPU
		{E2AE8E0B-3507-4A6E-A094-332B1948B831}.Release|Any CPU.Build.0 = Release|Any CPU
	EndGlobalSection
	GlobalSection(SolutionProperties) = preSolution
		HideSolutionNode = FALSE
	EndGlobalSection
	GlobalSection(ExtensibilityGlobals) = postSolution
		SolutionGuid = {5188643F-7EDB-496D-BF36-5128D86C5A7F}
	EndGlobalSection
EndGlobal
